
Microsoft Visual Studio Solution File, Format Version 12.00
# Visual Studio Version 17
VisualStudioVersion = 17.2.32616.157
MinimumVisualStudioVersion = 10.0.40219.1
Project("{FAE04EC0-301F-11D3-BF4B-00C04F79EFBC}") = "Lab_3_1_16", "Lab_3_1_16.csproj", "{B6192016-C52D-4DE7-857B-3B9BCFDFDE74}"
EndProject
Global
	GlobalSection(SolutionConfigurationPlatforms) = preSolution
		Debug|Any CPU = Debug|Any CPU
		Release|Any CPU = Release|Any CPU
	EndGlobalSection
	GlobalSection(ProjectConfigurationPlatforms) = postSolution
		{B6192016-C52D-4DE7-857B-3B9BCFDFDE74}.Debug|Any CPU.ActiveCfg = Debug|Any CPU
		{B6192016-C52D-4DE7-857B-3B9BCFDFDE74}.Debug|Any CPU.Build.0 = Debug|Any CPU
		{B6192016-C52D-4DE7-857B-3B9BCFDFDE74}.Release|Any CPU.ActiveCfg = Release|Any CPU
		{B6192016-C52D-4DE7-857B-3B9BCFDFDE74}.Release|Any CPU.Build.0 = Release|Any CPU
	EndGlobalSection
	GlobalSection(SolutionProperties) = preSolution
		HideSolutionNode = FALSE
	EndGlobalSection
	GlobalSection(ExtensibilityGlobals) = postSolution
		SolutionGuid = {22444783-AEF2-46DC-AE4A-5B57D9DC37BD}
	EndGlobalSection
EndGlobal
